// !$*UTF8*$!
{
	archiveVersion = 1;
	classes = {
	};
	objectVersion = 56;
	objects = {

/* Begin PBXBuildFile section */
		31C1B9E22B9867AB0039D8B8 /* API_a03App.swift in Sources */ = {isa = PBXBuildFile; fileRef = 31C1B9E12B9867AA0039D8B8 /* API_a03App.swift */; };
		31C1B9E42B9867AB0039D8B8 /* ContentView.swift in Sources */ = {isa = PBXBuildFile; fileRef = 31C1B9E32B9867AB0039D8B8 /* ContentView.swift */; };
		31C1B9E62B9867AE0039D8B8 /* Assets.xcassets in Resources */ = {isa = PBXBuildFile; fileRef = 31C1B9E52B9867AE0039D8B8 /* Assets.xcassets */; };
		31C1B9E92B9867AE0039D8B8 /* Preview Assets.xcassets in Resources */ = {isa = PBXBuildFile; fileRef = 31C1B9E82B9867AE0039D8B8 /* Preview Assets.xcassets */; };
		31C1B9F32B9867AF0039D8B8 /* API_a03Tests.swift in Sources */ = {isa = PBXBuildFile; fileRef = 31C1B9F22B9867AF0039D8B8 /* API_a03Tests.swift */; };
		31C1B9FD2B9867AF0039D8B8 /* API_a03UITests.swift in Sources */ = {isa = PBXBuildFile; fileRef = 31C1B9FC2B9867AF0039D8B8 /* API_a03UITests.swift */; };
		31C1B9FF2B9867AF0039D8B8 /* API_a03UITestsLaunchTests.swift in Sources */ = {isa = PBXBuildFile; fileRef = 31C1B9FE2B9867AF0039D8B8 /* API_a03UITestsLaunchTests.swift */; };
/* End PBXBuildFile section */

/* Begin PBXContainerItemProxy section */
		31C1B9EF2B9867AF0039D8B8 /* PBXContainerItemProxy */ = {
			isa = PBXContainerItemProxy;
			containerPortal = 31C1B9D62B9867AA0039D8B8 /* Project object */;
			proxyType = 1;
			remoteGlobalIDString = 31C1B9DD2B9867AA0039D8B8;
			remoteInfo = API_a03;
		};
		31C1B9F92B9867AF0039D8B8 /* PBXContainerItemProxy */ = {
			isa = PBXContainerItemProxy;
			containerPortal = 31C1B9D62B9867AA0039D8B8 /* Project object */;
			proxyType = 1;
			remoteGlobalIDString = 31C1B9DD2B9867AA0039D8B8;
			remoteInfo = API_a03;
		};
/* End PBXContainerItemProxy section */

/* Begin PBXFileReference section */
		31C1B9DE2B9867AA0039D8B8 /* API_a03.app */ = {isa = PBXFileReference; explicitFileType = wrapper.application; includeInIndex = 0; path = API_a03.app; sourceTree = BUILT_PRODUCTS_DIR; };
		31C1B9E12B9867AA0039D8B8 /* API_a03App.swift */ = {isa = PBXFileReference; lastKnownFileType = sourcecode.swift; path = API_a03App.swift; sourceTree = "<group>"; };
		31C1B9E32B9867AB0039D8B8 /* ContentView.swift */ = {isa = PBXFileReference; lastKnownFileType = sourcecode.swift; path = ContentView.swift; sourceTree = "<group>"; };
		31C1B9E52B9867AE0039D8B8 /* Assets.xcassets */ = {isa = PBXFileReference; lastKnownFileType = folder.assetcatalog; path = Assets.xcassets; sourceTree = "<group>"; };
		31C1B9E82B9867AE0039D8B8 /* Preview Assets.xcassets */ = {isa = PBXFileReference; lastKnownFileType = folder.assetcatalog; path = "Preview Assets.xcassets"; sourceTree = "<group>"; };
		31C1B9EE2B9867AF0039D8B8 /* API_a03Tests.xctest */ = {isa = PBXFileReference; explicitFileType = wrapper.cfbundle; includeInIndex = 0; path = API_a03Tests.xctest; sourceTree = BUILT_PRODUCTS_DIR; };
		31C1B9F22B9867AF0039D8B8 /* API_a03Tests.swift */ = {isa = PBXFileReference; lastKnownFileType = sourcecode.swift; path = API_a03Tests.swift; sourceTree = "<group>"; };
		31C1B9F82B9867AF0039D8B8 /* API_a03UITests.xctest */ = {isa = PBXFileReference; explicitFileType = wrapper.cfbundle; includeInIndex = 0; path = API_a03UITests.xctest; sourceTree = BUILT_PRODUCTS_DIR; };
		31C1B9FC2B9867AF0039D8B8 /* API_a03UITests.swift */ = {isa = PBXFileReference; lastKnownFileType = sourcecode.swift; path = API_a03UITests.swift; sourceTree = "<group>"; };
		31C1B9FE2B9867AF0039D8B8 /* API_a03UITestsLaunchTests.swift */ = {isa = PBXFileReference; lastKnownFileType = sourcecode.swift; path = API_a03UITestsLaunchTests.swift; sourceTree = "<group>"; };
/* End PBXFileReference section */

/* Begin PBXFrameworksBuildPhase section */
		31C1B9DB2B9867AA0039D8B8 /* Frameworks */ = {
			isa = PBXFrameworksBuildPhase;
			buildActionMask = 2147483647;
			files = (
			);
			runOnlyForDeploymentPostprocessing = 0;
		};
		31C1B9EB2B9867AF0039D8B8 /* Frameworks */ = {
			isa = PBXFrameworksBuildPhase;
			buildActionMask = 2147483647;
			files = (
			);
			runOnlyForDeploymentPostprocessing = 0;
		};
		31C1B9F52B9867AF0039D8B8 /* Frameworks */ = {
			isa = PBXFrameworksBuildPhase;
			buildActionMask = 2147483647;
			files = (
			);
			runOnlyForDeploymentPostprocessing = 0;
		};
/* End PBXFrameworksBuildPhase section */

/* Begin PBXGroup section */
		31C1B9D52B9867AA0039D8B8 = {
			isa = PBXGroup;
			children = (
				31C1B9E02B9867AA0039D8B8 /* API_a03 */,
				31C1B9F12B9867AF0039D8B8 /* API_a03Tests */,
				31C1B9FB2B9867AF0039D8B8 /* API_a03UITests */,
				31C1B9DF2B9867AA0039D8B8 /* Products */,
			);
			sourceTree = "<group>";
		};
		31C1B9DF2B9867AA0039D8B8 /* Products */ = {
			isa = PBXGroup;
			children = (
				31C1B9DE2B9867AA0039D8B8 /* API_a03.app */,
				31C1B9EE2B9867AF0039D8B8 /* API_a03Tests.xctest */,
				31C1B9F82B9867AF0039D8B8 /* API_a03UITests.xctest */,
			);
			name = Products;
			sourceTree = "<group>";
		};
		31C1B9E02B9867AA0039D8B8 /* API_a03 */ = {
			isa = PBXGroup;
			children = (
				31C1B9E12B9867AA0039D8B8 /* API_a03App.swift */,
				31C1B9E32B9867AB0039D8B8 /* ContentView.swift */,
				31C1B9E52B9867AE0039D8B8 /* Assets.xcassets */,
				31C1B9E72B9867AE0039D8B8 /* Preview Content */,
			);
			path = API_a03;
			sourceTree = "<group>";
		};
		31C1B9E72B9867AE0039D8B8 /* Preview Content */ = {
			isa = PBXGroup;
			children = (
				31C1B9E82B9867AE0039D8B8 /* Preview Assets.xcassets */,
			);
			path = "Preview Content";
			sourceTree = "<group>";
		};
		31C1B9F12B9867AF0039D8B8 /* API_a03Tests */ = {
			isa = PBXGroup;
			children = (
				31C1B9F22B9867AF0039D8B8 /* API_a03Tests.swift */,
			);
			path = API_a03Tests;
			sourceTree = "<group>";
		};
		31C1B9FB2B9867AF0039D8B8 /* API_a03UITests */ = {
			isa = PBXGroup;
			children = (
				31C1B9FC2B9867AF0039D8B8 /* API_a03UITests.swift */,
				31C1B9FE2B9867AF0039D8B8 /* API_a03UITestsLaunchTests.swift */,
			);
			path = API_a03UITests;
			sourceTree = "<group>";
		};
/* End PBXGroup section */

/* Begin PBXNativeTarget section */
		31C1B9DD2B9867AA0039D8B8 /* API_a03 */ = {
			isa = PBXNativeTarget;
			buildConfigurationList = 31C1BA022B9867AF0039D8B8 /* Build configuration list for PBXNativeTarget "API_a03" */;
			buildPhases = (
				31C1B9DA2B9867AA0039D8B8 /* Sources */,
				31C1B9DB2B9867AA0039D8B8 /* Frameworks */,
				31C1B9DC2B9867AA0039D8B8 /* Resources */,
			);
			buildRules = (
			);
			dependencies = (
			);
			name = API_a03;
			productName = API_a03;
			productReference = 31C1B9DE2B9867AA0039D8B8 /* API_a03.app */;
			productType = "com.apple.product-type.application";
		};
		31C1B9ED2B9867AF0039D8B8 /* API_a03Tests */ = {
			isa = PBXNativeTarget;
			buildConfigurationList = 31C1BA052B9867AF0039D8B8 /* Build configuration list for PBXNativeTarget "API_a03Tests" */;
			buildPhases = (
				31C1B9EA2B9867AF0039D8B8 /* Sources */,
				31C1B9EB2B9867AF0039D8B8 /* Frameworks */,
				31C1B9EC2B9867AF0039D8B8 /* Resources */,
			);
			buildRules = (
			);
			dependencies = (
				31C1B9F02B9867AF0039D8B8 /* PBXTargetDependency */,
			);
			name = API_a03Tests;
			productName = API_a03Tests;
			productReference = 31C1B9EE2B9867AF0039D8B8 /* API_a03Tests.xctest */;
			productType = "com.apple.product-type.bundle.unit-test";
		};
		31C1B9F72B9867AF0039D8B8 /* API_a03UITests */ = {
			isa = PBXNativeTarget;
			buildConfigurationList = 31C1BA082B9867AF0039D8B8 /* Build configuration list for PBXNativeTarget "API_a03UITests" */;
			buildPhases = (
				31C1B9F42B9867AF0039D8B8 /* Sources */,
				31C1B9F52B9867AF0039D8B8 /* Frameworks */,
				31C1B9F62B9867AF0039D8B8 /* Resources */,
			);
			buildRules = (
			);
			dependencies = (
				31C1B9FA2B9867AF0039D8B8 /* PBXTargetDependency */,
			);
			name = API_a03UITests;
			productName = API_a03UITests;
			productReference = 31C1B9F82B9867AF0039D8B8 /* API_a03UITests.xctest */;
			productType = "com.apple.product-type.bundle.ui-testing";
		};
/* End PBXNativeTarget section */

/* Begin PBXProject section */
		31C1B9D62B9867AA0039D8B8 /* Project object */ = {
			isa = PBXProject;
			attributes = {
				BuildIndependentTargetsInParallel = 1;
				LastSwiftUpdateCheck = 1420;
				LastUpgradeCheck = 1420;
				TargetAttributes = {
					31C1B9DD2B9867AA0039D8B8 = {
						CreatedOnToolsVersion = 14.2;
					};
					31C1B9ED2B9867AF0039D8B8 = {
						CreatedOnToolsVersion = 14.2;
						TestTargetID = 31C1B9DD2B9867AA0039D8B8;
					};
					31C1B9F72B9867AF0039D8B8 = {
						CreatedOnToolsVersion = 14.2;
						TestTargetID = 31C1B9DD2B9867AA0039D8B8;
					};
				};
			};
			buildConfigurationList = 31C1B9D92B9867AA0039D8B8 /* Build configuration list for PBXProject "API_a03" */;
			compatibilityVersion = "Xcode 14.0";
			developmentRegion = en;
			hasScannedForEncodings = 0;
			knownRegions = (
				en,
				Base,
			);
			mainGroup = 31C1B9D52B9867AA0039D8B8;
			productRefGroup = 31C1B9DF2B9867AA0039D8B8 /* Products */;
			projectDirPath = "";
			projectRoot = "";
			targets = (
				31C1B9DD2B9867AA0039D8B8 /* API_a03 */,
				31C1B9ED2B9867AF0039D8B8 /* API_a03Tests */,
				31C1B9F72B9867AF0039D8B8 /* API_a03UITests */,
			);
		};
/* End PBXProject section */

/* Begin PBXResourcesBuildPhase section */
		31C1B9DC2B9867AA0039D8B8 /* Resources */ = {
			isa = PBXResourcesBuildPhase;
			buildActionMask = 2147483647;
			files = (
				31C1B9E92B9867AE0039D8B8 /* Preview Assets.xcassets in Resources */,
				31C1B9E62B9867AE0039D8B8 /* Assets.xcassets in Resources */,
			);
			runOnlyForDeploymentPostprocessing = 0;
		};
		31C1B9EC2B9867AF0039D8B8 /* Resources */ = {
			isa = PBXResourcesBuildPhase;
			buildActionMask = 2147483647;
			files = (
			);
			runOnlyForDeploymentPostprocessing = 0;
		};
		31C1B9F62B9867AF0039D8B8 /* Resources */ = {
			isa = PBXResourcesBuildPhase;
			buildActionMask = 2147483647;
			files = (
			);
			runOnlyForDeploymentPostprocessing = 0;
		};
/* End PBXResourcesBuildPhase section */

/* Begin PBXSourcesBuildPhase section */
		31C1B9DA2B9867AA0039D8B8 /* Sources */ = {
			isa = PBXSourcesBuildPhase;
			buildActionMask = 2147483647;
			files = (
				31C1B9E42B9867AB0039D8B8 /* ContentView.swift in Sources */,
				31C1B9E22B9867AB0039D8B8 /* API_a03App.swift in Sources */,
			);
			runOnlyForDeploymentPostprocessing = 0;
		};
		31C1B9EA2B9867AF0039D8B8 /* Sources */ = {
			isa = PBXSourcesBuildPhase;
			buildActionMask = 2147483647;
			files = (
				31C1B9F32B9867AF0039D8B8 /* API_a03Tests.swift in Sources */,
			);
			runOnlyForDeploymentPostprocessing = 0;
		};
		31C1B9F42B9867AF0039D8B8 /* Sources */ = {
			isa = PBXSourcesBuildPhase;
			buildActionMask = 2147483647;
			files = (
				31C1B9FF2B9867AF0039D8B8 /* API_a03UITestsLaunchTests.swift in Sources */,
				31C1B9FD2B9867AF0039D8B8 /* API_a03UITests.swift in Sources */,
			);
			runOnlyForDeploymentPostprocessing = 0;
		};
/* End PBXSourcesBuildPhase section */

/* Begin PBXTargetDependency section */
		31C1B9F02B9867AF0039D8B8 /* PBXTargetDependency */ = {
			isa = PBXTargetDependency;
			target = 31C1B9DD2B9867AA0039D8B8 /* API_a03 */;
			targetProxy = 31C1B9EF2B9867AF0039D8B8 /* PBXContainerItemProxy */;
		};
		31C1B9FA2B9867AF0039D8B8 /* PBXTargetDependency */ = {
			isa = PBXTargetDependency;
			target = 31C1B9DD2B9867AA0039D8B8 /* API_a03 */;
			targetProxy = 31C1B9F92B9867AF0039D8B8 /* PBXContainerItemProxy */;
		};
/* End PBXTargetDependency section */

/* Begin XCBuildConfiguration section */
		31C1BA002B9867AF0039D8B8 /* Debug */ = {
			isa = XCBuildConfiguration;
			buildSettings = {
				ALWAYS_SEARCH_USER_PATHS = NO;
				CLANG_ANALYZER_NONNULL = YES;
				CLANG_ANALYZER_NUMBER_OBJECT_CONVERSION = YES_AGGRESSIVE;
				CLANG_CXX_LANGUAGE_STANDARD = "gnu++20";
				CLANG_ENABLE_MODULES = YES;
				CLANG_ENABLE_OBJC_ARC = YES;
				CLANG_ENABLE_OBJC_WEAK = YES;
				CLANG_WARN_BLOCK_CAPTURE_AUTORELEASING = YES;
				CLANG_WARN_BOOL_CONVERSION = YES;
				CLANG_WARN_COMMA = YES;
				CLANG_WARN_CONSTANT_CONVERSION = YES;
				CLANG_WARN_DEPRECATED_OBJC_IMPLEMENTATIONS = YES;
				CLANG_WARN_DIRECT_OBJC_ISA_USAGE = YES_ERROR;
				CLANG_WARN_DOCUMENTATION_COMMENTS = YES;
				CLANG_WARN_EMPTY_BODY = YES;
				CLANG_WARN_ENUM_CONVERSION = YES;
				CLANG_WARN_INFINITE_RECURSION = YES;
				CLANG_WARN_INT_CONVERSION = YES;
				CLANG_WARN_NON_LITERAL_NULL_CONVERSION = YES;
				CLANG_WARN_OBJC_IMPLICIT_RETAIN_SELF = YES;
				CLANG_WARN_OBJC_LITERAL_CONVERSION = YES;
				CLANG_WARN_OBJC_ROOT_CLASS = YES_ERROR;
				CLANG_WARN_QUOTED_INCLUDE_IN_FRAMEWORK_HEADER = YES;
				CLANG_WARN_RANGE_LOOP_ANALYSIS = YES;
				CLANG_WARN_STRICT_PROTOTYPES = YES;
				CLANG_WARN_SUSPICIOUS_MOVE = YES;
				CLANG_WARN_UNGUARDED_AVAILABILITY = YES_AGGRESSIVE;
				CLANG_WARN_UNREACHABLE_CODE = YES;
				CLANG_WARN__DUPLICATE_METHOD_MATCH = YES;
				COPY_PHASE_STRIP = NO;
				DEBUG_INFORMATION_FORMAT = dwarf;
				ENABLE_STRICT_OBJC_MSGSEND = YES;
				ENABLE_TESTABILITY = YES;
				GCC_C_LANGUAGE_STANDARD = gnu11;
				GCC_DYNAMIC_NO_PIC = NO;
				GCC_NO_COMMON_BLOCKS = YES;
				GCC_OPTIMIZATION_LEVEL = 0;
				GCC_PREPROCESSOR_DEFINITIONS = (
					"DEBUG=1",
					"$(inherited)",
				);
				GCC_WARN_64_TO_32_BIT_CONVERSION = YES;
				GCC_WARN_ABOUT_RETURN_TYPE = YES_ERROR;
				GCC_WARN_UNDECLARED_SELECTOR = YES;
				GCC_WARN_UNINITIALIZED_AUTOS = YES_AGGRESSIVE;
				GCC_WARN_UNUSED_FUNCTION = YES;
				GCC_WARN_UNUSED_VARIABLE = YES;
				IPHONEOS_DEPLOYMENT_TARGET = 16.2;
				MTL_ENABLE_DEBUG_INFO = INCLUDE_SOURCE;
				MTL_FAST_MATH = YES;
				ONLY_ACTIVE_ARCH = YES;
				SDKROOT = iphoneos;
				SWIFT_ACTIVE_COMPILATION_CONDITIONS = DEBUG;
				SWIFT_OPTIMIZATION_LEVEL = "-Onone";
			};
			name = Debug;
		};
		31C1BA012B9867AF0039D8B8 /* Release */ = {
			isa = XCBuildConfiguration;
			buildSettings = {
				ALWAYS_SEARCH_USER_PATHS = NO;
				CLANG_ANALYZER_NONNULL = YES;
				CLANG_ANALYZER_NUMBER_OBJECT_CONVERSION = YES_AGGRESSIVE;
				CLANG_CXX_LANGUAGE_STANDARD = "gnu++20";
				CLANG_ENABLE_MODULES = YES;
				CLANG_ENABLE_OBJC_ARC = YES;
				CLANG_ENABLE_OBJC_WEAK = YES;
				CLANG_WARN_BLOCK_CAPTURE_AUTORELEASING = YES;
				CLANG_WARN_BOOL_CONVERSION = YES;
				CLANG_WARN_COMMA = YES;
				CLANG_WARN_CONSTANT_CONVERSION = YES;
				CLANG_WARN_DEPRECATED_OBJC_IMPLEMENTATIONS = YES;
				CLANG_WARN_DIRECT_OBJC_ISA_USAGE = YES_ERROR;
				CLANG_WARN_DOCUMENTATION_COMMENTS = YES;
				CLANG_WARN_EMPTY_BODY = YES;
				CLANG_WARN_ENUM_CONVERSION = YES;
				CLANG_WARN_INFINITE_RECURSION = YES;
				CLANG_WARN_INT_CONVERSION = YES;
				CLANG_WARN_NON_LITERAL_NULL_CONVERSION = YES;
				CLANG_WARN_OBJC_IMPLICIT_RETAIN_SELF = YES;
				CLANG_WARN_OBJC_LITERAL_CONVERSION = YES;
				CLANG_WARN_OBJC_ROOT_CLASS = YES_ERROR;
				CLANG_WARN_QUOTED_INCLUDE_IN_FRAMEWORK_HEADER = YES;
				CLANG_WARN_RANGE_LOOP_ANALYSIS = YES;
				CLANG_WARN_STRICT_PROTOTYPES = YES;
				CLANG_WARN_SUSPICIOUS_MOVE = YES;
				CLANG_WARN_UNGUARDED_AVAILABILITY = YES_AGGRESSIVE;
				CLANG_WARN_UNREACHABLE_CODE = YES;
				CLANG_WARN__DUPLICATE_METHOD_MATCH = YES;
				COPY_PHASE_STRIP = NO;
				DEBUG_INFORMATION_FORMAT = "dwarf-with-dsym";
				ENABLE_NS_ASSERTIONS = NO;
				ENABLE_STRICT_OBJC_MSGSEND = YES;
				GCC_C_LANGUAGE_STANDARD = gnu11;
				GCC_NO_COMMON_BLOCKS = YES;
				GCC_WARN_64_TO_32_BIT_CONVERSION = YES;
				GCC_WARN_ABOUT_RETURN_TYPE = YES_ERROR;
				GCC_WARN_UNDECLARED_SELECTOR = YES;
				GCC_WARN_UNINITIALIZED_AUTOS = YES_AGGRESSIVE;
				GCC_WARN_UNUSED_FUNCTION = YES;
				GCC_WARN_UNUSED_VARIABLE = YES;
				IPHONEOS_DEPLOYMENT_TARGET = 16.2;
				MTL_ENABLE_DEBUG_INFO = NO;
				MTL_FAST_MATH = YES;
				SDKROOT = iphoneos;
				SWIFT_COMPILATION_MODE = wholemodule;
				SWIFT_OPTIMIZATION_LEVEL = "-O";
				VALIDATE_PRODUCT = YES;
			};
			name = Release;
		};
		31C1BA032B9867AF0039D8B8 /* Debug */ = {
			isa = XCBuildConfiguration;
			buildSettings = {
				ASSETCATALOG_COMPILER_APPICON_NAME = AppIcon;
				ASSETCATALOG_COMPILER_GLOBAL_ACCENT_COLOR_NAME = AccentColor;
				CODE_SIGN_STYLE = Automatic;
				CURRENT_PROJECT_VERSION = 1;
				DEVELOPMENT_ASSET_PATHS = "\"API_a03/Preview Content\"";
				DEVELOPMENT_TEAM = YFZDC9T4S3;
				ENABLE_PREVIEWS = YES;
				GENERATE_INFOPLIST_FILE = YES;
				INFOPLIST_KEY_UIApplicationSceneManifest_Generation = YES;
				INFOPLIST_KEY_UIApplicationSupportsIndirectInputEvents = YES;
				INFOPLIST_KEY_UILaunchScreen_Generation = YES;
				INFOPLIST_KEY_UISupportedInterfaceOrientations_iPad = "UIInterfaceOrientationPortrait UIInterfaceOrientationPortraitUpsideDown UIInterfaceOrientationLandscapeLeft UIInterfaceOrientationLandscapeRight";
				INFOPLIST_KEY_UISupportedInterfaceOrientations_iPhone = "UIInterfaceOrientationPortrait UIInterfaceOrientationLandscapeLeft UIInterfaceOrientationLandscapeRight";
				LD_RUNPATH_SEARCH_PATHS = (
					"$(inherited)",
					"@executable_path/Frameworks",
				);
				MARKETING_VERSION = 1.0;
				PRODUCT_BUNDLE_IDENTIFIER = "IOS.API-a03";
				PRODUCT_NAME = "$(TARGET_NAME)";
				SWIFT_EMIT_LOC_STRINGS = YES;
				SWIFT_VERSION = 5.0;
				TARGETED_DEVICE_FAMILY = "1,2";
			};
			name = Debug;
		};
		31C1BA042B9867AF0039D8B8 /* Release */ = {
			isa = XCBuildConfiguration;
			buildSettings = {
				ASSETCATALOG_COMPILER_APPICON_NAME = AppIcon;
				ASSETCATALOG_COMPILER_GLOBAL_ACCENT_COLOR_NAME = AccentColor;
				CODE_SIGN_STYLE = Automatic;
				CURRENT_PROJECT_VERSION = 1;
				DEVELOPMENT_ASSET_PATHS = "\"API_a03/Preview Content\"";
				DEVELOPMENT_TEAM = YFZDC9T4S3;
				ENABLE_PREVIEWS = YES;
				GENERATE_INFOPLIST_FILE = YES;
				INFOPLIST_KEY_UIApplicationSceneManifest_Generation = YES;
				INFOPLIST_KEY_UIApplicationSupportsIndirectInputEvents = YES;
				INFOPLIST_KEY_UILaunchScreen_Generation = YES;
				INFOPLIST_KEY_UISupportedInterfaceOrientations_iPad = "UIInterfaceOrientationPortrait UIInterfaceOrientationPortraitUpsideDown UIInterfaceOrientationLandscapeLeft UIInterfaceOrientationLandscapeRight";
				INFOPLIST_KEY_UISupportedInterfaceOrientations_iPhone = "UIInterfaceOrientationPortrait UIInterfaceOrientationLandscapeLeft UIInterfaceOrientationLandscapeRight";
				LD_RUNPATH_SEARCH_PATHS = (
					"$(inherited)",
					"@executable_path/Frameworks",
				);
				MARKETING_VERSION = 1.0;
				PRODUCT_BUNDLE_IDENTIFIER = "IOS.API-a03";
				PRODUCT_NAME = "$(TARGET_NAME)";
				SWIFT_EMIT_LOC_STRINGS = YES;
				SWIFT_VERSION = 5.0;
				TARGETED_DEVICE_FAMILY = "1,2";
			};
			name = Release;
		};
		31C1BA062B9867AF0039D8B8 /* Debug */ = {
			isa = XCBuildConfiguration;
			buildSettings = {
				ALWAYS_EMBED_SWIFT_STANDARD_LIBRARIES = YES;
				BUNDLE_LOADER = "$(TEST_HOST)";
				CODE_SIGN_STYLE = Automatic;
				CURRENT_PROJECT_VERSION = 1;
				DEVELOPMENT_TEAM = YFZDC9T4S3;
				GENERATE_INFOPLIST_FILE = YES;
				IPHONEOS_DEPLOYMENT_TARGET = 16.2;
				MARKETING_VERSION = 1.0;
				PRODUCT_BUNDLE_IDENTIFIER = "IOS.API-a03Tests";
				PRODUCT_NAME = "$(TARGET_NAME)";
				SWIFT_EMIT_LOC_STRINGS = NO;
				SWIFT_VERSION = 5.0;
				TARGETED_DEVICE_FAMILY = "1,2";
				TEST_HOST = "$(BUILT_PRODUCTS_DIR)/API_a03.app/$(BUNDLE_EXECUTABLE_FOLDER_PATH)/API_a03";
			};
			name = Debug;
		};
		31C1BA072B9867AF0039D8B8 /* Release */ = {
			isa = XCBuildConfiguration;
			buildSettings = {
				ALWAYS_EMBED_SWIFT_STANDARD_LIBRARIES = YES;
				BUNDLE_LOADER = "$(TEST_HOST)";
				CODE_SIGN_STYLE = Automatic;
				CURRENT_PROJECT_VERSION = 1;
				DEVELOPMENT_TEAM = YFZDC9T4S3;
				GENERATE_INFOPLIST_FILE = YES;
				IPHONEOS_DEPLOYMENT_TARGET = 16.2;
				MARKETING_VERSION = 1.0;
				PRODUCT_BUNDLE_IDENTIFIER = "IOS.API-a03Tests";
				PRODUCT_NAME = "$(TARGET_NAME)";
				SWIFT_EMIT_LOC_STRINGS = NO;
				SWIFT_VERSION = 5.0;
				TARGETED_DEVICE_FAMILY = "1,2";
				TEST_HOST = "$(BUILT_PRODUCTS_DIR)/API_a03.app/$(BUNDLE_EXECUTABLE_FOLDER_PATH)/API_a03";
			};
			name = Release;
		};
		31C1BA092B9867AF0039D8B8 /* Debug */ = {
			isa = XCBuildConfiguration;
			buildSettings = {
				ALWAYS_EMBED_SWIFT_STANDARD_LIBRARIES = YES;
				CODE_SIGN_STYLE = Automatic;
				CURRENT_PROJECT_VERSION = 1;
				DEVELOPMENT_TEAM = YFZDC9T4S3;
				GENERATE_INFOPLIST_FILE = YES;
				MARKETING_VERSION = 1.0;
				PRODUCT_BUNDLE_IDENTIFIER = "IOS.API-a03UITests";
				PRODUCT_NAME = "$(TARGET_NAME)";
				SWIFT_EMIT_LOC_STRINGS = NO;
				SWIFT_VERSION = 5.0;
				TARGETED_DEVICE_FAMILY = "1,2";
				TEST_TARGET_NAME = API_a03;
			};
			name = Debug;
		};
		31C1BA0A2B9867AF0039D8B8 /* Release */ = {
			isa = XCBuildConfiguration;
			buildSettings = {
				ALWAYS_EMBED_SWIFT_STANDARD_LIBRARIES = YES;
				CODE_SIGN_STYLE = Automatic;
				CURRENT_PROJECT_VERSION = 1;
				DEVELOPMENT_TEAM = YFZDC9T4S3;
				GENERATE_INFOPLIST_FILE = YES;
				MARKETING_VERSION = 1.0;
				PRODUCT_BUNDLE_IDENTIFIER = "IOS.API-a03UITests";
				PRODUCT_NAME = "$(TARGET_NAME)";
				SWIFT_EMIT_LOC_STRINGS = NO;
				SWIFT_VERSION = 5.0;
				TARGETED_DEVICE_FAMILY = "1,2";
				TEST_TARGET_NAME = API_a03;
			};
			name = Release;
		};
/* End XCBuildConfiguration section */

/* Begin XCConfigurationList section */
		31C1B9D92B9867AA0039D8B8 /* Build configuration list for PBXProject "API_a03" */ = {
			isa = XCConfigurationList;
			buildConfigurations = (
				31C1BA002B9867AF0039D8B8 /* Debug */,
				31C1BA012B9867AF0039D8B8 /* Release */,
			);
			defaultConfigurationIsVisible = 0;
			defaultConfigurationName = Release;
		};
		31C1BA022B9867AF0039D8B8 /* Build configuration list for PBXNativeTarget "API_a03" */ = {
			isa = XCConfigurationList;
			buildConfigurations = (
				31C1BA032B9867AF0039D8B8 /* Debug */,
				31C1BA042B9867AF0039D8B8 /* Release */,
			);
			defaultConfigurationIsVisible = 0;
			defaultConfigurationName = Release;
		};
		31C1BA052B9867AF0039D8B8 /* Build configuration list for PBXNativeTarget "API_a03Tests" */ = {
			isa = XCConfigurationList;
			buildConfigurations = (
				31C1BA062B9867AF0039D8B8 /* Debug */,
				31C1BA072B9867AF0039D8B8 /* Release */,
			);
			defaultConfigurationIsVisible = 0;
			defaultConfigurationName = Release;
		};
		31C1BA082B9867AF0039D8B8 /* Build configuration list for PBXNativeTarget "API_a03UITests" */ = {
			isa = XCConfigurationList;
			buildConfigurations = (
				31C1BA092B9867AF0039D8B8 /* Debug */,
				31C1BA0A2B9867AF0039D8B8 /* Release */,
			);
			defaultConfigurationIsVisible = 0;
			defaultConfigurationName = Release;
		};
/* End XCConfigurationList section */
	};
	rootObject = 31C1B9D62B9867AA0039D8B8 /* Project object */;
}
